
Microsoft Visual Studio Solution File, Format Version 12.00
# Visual Studio Version 16
VisualStudioVersion = 16.0.31515.178
MinimumVisualStudioVersion = 10.0.40219.1
Project("{FAE04EC0-301F-11D3-BF4B-00C04F79EFBC}") = "WebApi", "WebApi\WebApi.csproj", "{86AED190-DC03-4D6E-99E4-99A572C526D0}"
EndProject
Global
	GlobalSection(SolutionConfigurationPlatforms) = preSolution
		Debug|Any CPU = Debug|Any CPU
		Release|Any CPU = Release|Any CPU
	EndGlobalSection
	GlobalSection(ProjectConfigurationPlatforms) = postSolution
		{86AED190-DC03-4D6E-99E4-99A572C526D0}.Debug|Any CPU.ActiveCfg = Debug|Any CPU
		{86AED190-DC03-4D6E-99E4-99A572C526D0}.Debug|Any CPU.Build.0 = Debug|Any CPU
		{86AED190-DC03-4D6E-99E4-99A572C526D0}.Release|Any CPU.ActiveCfg = Release|Any CPU
		{86AED190-DC03-4D6E-99E4-99A572C526D0}.Release|Any CPU.Build.0 = Release|Any CPU
	EndGlobalSection
	GlobalSection(SolutionProperties) = preSolution
		HideSolutionNode = FALSE
	EndGlobalSection
	GlobalSection(ExtensibilityGlobals) = postSolution
		SolutionGuid = {6D2EA1BA-97C1-4F65-89AE-16E606926F00}
	EndGlobalSection
EndGlobal
